
Microsoft Visual Studio Solution File, Format Version 12.00
# Visual Studio 15
VisualStudioVersion = 15.0.27130.2036
MinimumVisualStudioVersion = 10.0.40219.1
Project("{8BC9CEB8-8B4A-11D0-8D11-00A0C91BC942}") = "ListDecodingProject", "ListDecodingProject\ListDecodingProject.vcxproj", "{DB20A444-8B31-4646-A86D-9C162D7517E6}"
EndProject
Global
	GlobalSection(SolutionConfigurationPlatforms) = preSolution
		Debug|x64 = Debug|x64
		Debug|x86 = Debug|x86
		ListDecodingProject2|x64 = ListDecodingProject2|x64
		ListDecodingProject2|x86 = ListDecodingProject2|x86
		Release|x64 = Release|x64
		Release|x86 = Release|x86
	EndGlobalSection
	GlobalSection(ProjectConfigurationPlatforms) = postSolution
		{DB20A444-8B31-4646-A86D-9C162D7517E6}.Debug|x64.ActiveCfg = Debug|x64
		{DB20A444-8B31-4646-A86D-9C162D7517E6}.Debug|x64.Build.0 = Debug|x64
		{DB20A444-8B31-4646-A86D-9C162D7517E6}.Debug|x86.ActiveCfg = Debug|x64
		{DB20A444-8B31-4646-A86D-9C162D7517E6}.Debug|x86.Build.0 = Debug|x64
		{DB20A444-8B31-4646-A86D-9C162D7517E6}.ListDecodingProject2|x64.ActiveCfg = Release|x64
		{DB20A444-8B31-4646-A86D-9C162D7517E6}.ListDecodingProject2|x64.Build.0 = Release|x64
		{DB20A444-8B31-4646-A86D-9C162D7517E6}.ListDecodingProject2|x86.ActiveCfg = Debug|x64
		{DB20A444-8B31-4646-A86D-9C162D7517E6}.ListDecodingProject2|x86.Build.0 = Debug|x64
		{DB20A444-8B31-4646-A86D-9C162D7517E6}.Release|x64.ActiveCfg = Release|x64
		{DB20A444-8B31-4646-A86D-9C162D7517E6}.Release|x64.Build.0 = Release|x64
		{DB20A444-8B31-4646-A86D-9C162D7517E6}.Release|x86.ActiveCfg = Release|Win32
		{DB20A444-8B31-4646-A86D-9C162D7517E6}.Release|x86.Build.0 = Release|Win32
	EndGlobalSection
	GlobalSection(SolutionProperties) = preSolution
		HideSolutionNode = FALSE
	EndGlobalSection
	GlobalSection(ExtensibilityGlobals) = postSolution
		SolutionGuid = {60D106A3-EACB-49BD-A10D-6F24CF0BA8CE}
	EndGlobalSection
EndGlobal
